// !$*UTF8*$!
{
	archiveVersion = 1;
	classes = {
	};
	objectVersion = 56;
	objects = {
		7B1 = {
			isa = PBXBuildFile;
			fileRef = 7B2;
			settings = {};
		};
		7B2 = {
			isa = PBXFileReference;
			explicitFileType = wrapper.application;
			includeInIndex = 0;
			path = PFCCheckerSwift.app;
			sourceTree = BUILT_PRODUCTS_DIR;
		};
		7B3 = {
			isa = PBXFileReference;
			lastKnownFileType = sourcecode.swift;
			path = ContentView.swift;
			sourceTree = "<group>";
		};
		7B4 = {
			isa = PBXFileReference;
			lastKnownFileType = sourcecode.swift;
			path = PFCCheckerSwiftApp.swift;
			sourceTree = "<group>";
		};
		7B5 = {
			isa = PBXFileReference;
			lastKnownFileType = sourcecode.swift;
			path = Food.swift;
			sourceTree = "<group>";
		};
		7B6 = {
			isa = PBXFileReference;
			lastKnownFileType = sourcecode.swift;
			path = FoodStore.swift;
			sourceTree = "<group>";
		};
		7B7 = {
			isa = PBXGroup;
			children = (
				7B4,
				7B3,
				7B5,
				7B6,
			);
			path = PFCCheckerSwift;
			sourceTree = "<group>";
		};
		7B8 = {
			isa = PBXGroup;
			children = (
				7B2,
			);
			name = Products;
			sourceTree = "<group>";
		};
		7B9 = {
			isa = PBXGroup;
			children = (
				7B7,
				7B8,
			);
			sourceTree = "<group>";
		};
		7BA = {
			isa = PBXNativeTarget;
			buildConfigurationList = 7BB;
			buildPhases = (
				7BC,
				7BD,
			);
			buildRules = ();
			dependencies = ();
			name = PFCCheckerSwift;
			productName = PFCCheckerSwift;
			productReference = 7B2;
			productType = "com.apple.product-type.application";
		};
		7BB = {
			isa = XCConfigurationList;
			buildConfigurations = (
				7BE,
				7BF,
			);
			defaultConfigurationIsVisible = 0;
			defaultConfigurationName = Release;
		};
		7BC = {
			isa = PBXSourcesBuildPhase;
			buildActionMask = 2147483647;
			files = (
				7B1,
			);
			runOnlyForDeploymentPostprocessing = 0;
		};
		7BD = {
			isa = PBXResourcesBuildPhase;
			buildActionMask = 2147483647;
			files = ();
			runOnlyForDeploymentPostprocessing = 0;
		};
		7BE = {
			isa = XCBuildConfiguration;
			buildSettings = {
				ASSETCATALOG_COMPILER_APPICON_NAME = AppIcon;
				CODE_SIGN_STYLE = Automatic;
				CURRENT_PROJECT_VERSION = 1;
				DEVELOPMENT_TEAM = "";
				GENERATE_INFOPLIST_FILE = YES;
				INFOPLIST_KEY_UIApplicationSceneManifest_Generation = YES;
				INFOPLIST_KEY_UIApplicationSupportsIndirectInputEvents = YES;
				INFOPLIST_KEY_UILaunchScreen_Generation = YES;
				INFOPLIST_KEY_UISupportedInterfaceOrientations_iPad = "UIInterfaceOrientationPortrait UIInterfaceOrientationPortraitUpsideDown UIInterfaceOrientationLandscapeLeft UIInterfaceOrientationLandscapeRight";
				INFOPLIST_KEY_UISupportedInterfaceOrientations_iPhone = "UIInterfaceOrientationPortrait UIInterfaceOrientationLandscapeLeft UIInterfaceOrientationLandscapeRight";
				IPHONEOS_DEPLOYMENT_TARGET = 17.0;
				LD_RUNPATH_SEARCH_PATHS = (
					"$(inherited)",
					"@executable_path/Frameworks",
				);
				MARKETING_VERSION = 1.0;
				PRODUCT_BUNDLE_IDENTIFIER = com.pfcgod.PFCCheckerSwift;
				PRODUCT_NAME = "$(TARGET_NAME)";
				SWIFT_EMIT_LOC_STRINGS = YES;
				SWIFT_VERSION = 5.0;
				TARGETED_DEVICE_FAMILY = "1,2";
			};
			name = Debug;
		};
		7BF = {
			isa = XCBuildConfiguration;
			buildSettings = {
				ASSETCATALOG_COMPILER_APPICON_NAME = AppIcon;
				CODE_SIGN_STYLE = Automatic;
				CURRENT_PROJECT_VERSION = 1;
				DEVELOPMENT_TEAM = "";
				GENERATE_INFOPLIST_FILE = YES;
				INFOPLIST_KEY_UIApplicationSceneManifest_Generation = YES;
				INFOPLIST_KEY_UIApplicationSupportsIndirectInputEvents = YES;
				INFOPLIST_KEY_UILaunchScreen_Generation = YES;
				INFOPLIST_KEY_UISupportedInterfaceOrientations_iPad = "UIInterfaceOrientationPortrait UIInterfaceOrientationPortraitUpsideDown UIInterfaceOrientationLandscapeLeft UIInterfaceOrientationLandscapeRight";
				INFOPLIST_KEY_UISupportedInterfaceOrientations_iPhone = "UIInterfaceOrientationPortrait UIInterfaceOrientationLandscapeLeft UIInterfaceOrientationLandscapeRight";
				IPHONEOS_DEPLOYMENT_TARGET = 17.0;
				LD_RUNPATH_SEARCH_PATHS = (
					"$(inherited)",
					"@executable_path/Frameworks",
				);
				MARKETING_VERSION = 1.0;
				PRODUCT_BUNDLE_IDENTIFIER = com.pfcgod.PFCCheckerSwift;
				PRODUCT_NAME = "$(TARGET_NAME)";
				SWIFT_EMIT_LOC_STRINGS = YES;
				SWIFT_VERSION = 5.0;
				TARGETED_DEVICE_FAMILY = "1,2";
			};
			name = Release;
		};
	};
	rootObject = 7B9;
}